# This file is autogenerated, do not edit; changes may be undone by the next 'dep ensure'.


[[projects]]
  name = "github.com/Microsoft/go-winio"
  packages = ["."]
  revision = "7da180ee92d8bd8bb8c37fc560e673e6557c392f"
  version = "v0.4.7"

[[projects]]
  name = "github.com/Sirupsen/logrus"
  packages = ["."]
  revision = "c155da19408a8799da419ed3eeb0cb5db0ad5dbc"
  version = "v1.0.5"

[[projects]]
  name = "github.com/coreos/go-systemd"
  packages = ["activation"]
  revision = "39ca1b05acc7ad1220e09f133283b8859a8b71ab"
  version = "v17"

[[projects]]
  branch = "devel"
  name = "github.com/cvmfs/docker-graphdriver"
  packages = ["plugins/util"]
  revision = "b7c621fde33beecd5d8ea878c1ae6b44aca01e83"

[[projects]]
  name = "github.com/docker/docker"
  packages = [
    "api/types",
    "api/types/blkiodev",
    "api/types/container",
    "api/types/filters",
    "api/types/mount",
    "api/types/network",
    "api/types/registry",
    "api/types/strslice",
    "api/types/swarm",
    "api/types/versions",
    "daemon/graphdriver",
    "oci",
    "pkg/archive",
    "pkg/chrootarchive",
    "pkg/directory",
    "pkg/fileutils",
    "pkg/idtools",
    "pkg/ioutils",
    "pkg/locker",
    "pkg/longpath",
    "pkg/mount",
    "pkg/parsers",
    "pkg/plugingetter",
    "pkg/plugins",
    "pkg/plugins/transport",
    "pkg/pools",
    "pkg/promise",
    "pkg/random",
    "pkg/reexec",
    "pkg/stringid",
    "pkg/system",
    "plugin/v2"
  ]
  revision = "89658bed64c2a8fe05a978e5b87dbec409d57a0f"
  version = "v17.05.0-ce"

[[projects]]
  name = "github.com/docker/go-connections"
  packages = [
    "nat",
    "sockets",
    "tlsconfig"
  ]
  revision = "3ede32e2033de7505e6500d6c868c2b9ed9f169d"
  version = "v0.3.0"

[[projects]]
  branch = "master"
  name = "github.com/docker/go-plugins-helpers"
  packages = [
    "graphdriver",
    "graphdriver/shim",
    "sdk"
  ]
  revision = "61cb8e2334204460162c8bd2417cd43cb71da66f"

[[projects]]
  name = "github.com/docker/go-units"
  packages = ["."]
  revision = "47565b4f722fb6ceae66b95f853feed578a4a51c"
  version = "v0.3.3"

[[projects]]
  name = "github.com/go-ini/ini"
  packages = ["."]
  revision = "06f5f3d67269ccec1fe5fe4134ba6e982984f7f5"
  version = "v1.37.0"

[[projects]]
  branch = "master"
  name = "github.com/minio/go-homedir"
  packages = ["."]
  revision = "4d76aabb80b22bad8695d3904e943f1fb5e6199f"

[[projects]]
  name = "github.com/minio/minio-go"
  packages = [
    ".",
    "pkg/credentials",
    "pkg/encrypt",
    "pkg/policy",
    "pkg/s3signer",
    "pkg/s3utils",
    "pkg/set"
  ]
  revision = "5ca66c9a35ba1cd674484be99dc97aa0973afe12"
  version = "v3.0.0"

[[projects]]
  name = "github.com/opencontainers/go-digest"
  packages = ["."]
  revision = "279bed98673dd5bef374d3b6e4b09e2af76183bf"
  version = "v1.0.0-rc1"

[[projects]]
  name = "github.com/opencontainers/runc"
  packages = [
    "libcontainer/configs",
    "libcontainer/devices",
    "libcontainer/system",
    "libcontainer/user"
  ]
  revision = "baf6536d6259209c3edfa2b22237af82942d3dfa"
  version = "v0.1.1"

[[projects]]
  name = "github.com/opencontainers/runtime-spec"
  packages = ["specs-go"]
  revision = "1c7c27d043c2a5e513a44084d2b10d77d1402b8c"

[[projects]]
  name = "github.com/opencontainers/selinux"
  packages = [
    "go-selinux",
    "go-selinux/label"
  ]
  revision = "ba1aefe8057f1d0cfb8e88d0ec1dc85925ef987d"
  version = "v1.0.0-rc1"

[[projects]]
  name = "github.com/pkg/errors"
  packages = ["."]
  revision = "645ef00459ed84a119197bfb8d8205042c6df63d"
  version = "v0.8.0"

[[projects]]
  name = "github.com/vbatts/tar-split"
  packages = ["tar/storage"]
  revision = "38ec4ddb06dedbea0a895c4848b248eb38af221b"
  version = "v0.10.2"

[[projects]]
  branch = "master"
  name = "golang.org/x/crypto"
  packages = ["ssh/terminal"]
  revision = "a49355c7e3f8fe157a85be2f77e6e269a0f89602"

[[projects]]
  branch = "master"
  name = "golang.org/x/net"
  packages = [
    "context",
    "internal/socks",
    "proxy"
  ]
  revision = "e514e69ffb8bc3c76a71ae40de0118d794855992"

[[projects]]
  branch = "master"
  name = "golang.org/x/sys"
  packages = [
    "unix",
    "windows"
  ]
  revision = "7138fd3d9dc8335c567ca206f4333fb75eb05d56"

[solve-meta]
  analyzer-name = "dep"
  analyzer-version = 1
  inputs-digest = "c6c2cc977713e36b7283a30ba4c887a1c1abc99f8c5424fd852f04c0c12bccdd"
  solver-name = "gps-cdcl"
  solver-version = 1
